
Microsoft Visual Studio Solution File, Format Version 12.00
# Visual Studio Version 16
VisualStudioVersion = 16.0.31624.102
MinimumVisualStudioVersion = 10.0.40219.1
Project("{8BC9CEB8-8B4A-11D0-8D11-00A0C91BC942}") = "Magic_Square", "Magic_Square\Magic_Square.vcxproj", "{85355203-D3FA-443A-BC75-9854732F350F}"
EndProject
Project("{8BC9CEB8-8B4A-11D0-8D11-00A0C91BC942}") = "Stack", "Stack\Stack.vcxproj", "{DF8469B8-970D-450D-9153-2CE92574B238}"
EndProject
Project("{8BC9CEB8-8B4A-11D0-8D11-00A0C91BC942}") = "Queue", "Queue\Queue.vcxproj", "{89AEB0D6-6451-4CC0-ACA4-41D51BF9047D}"
EndProject
Project("{8BC9CEB8-8B4A-11D0-8D11-00A0C91BC942}") = "LinkedList", "LinkedList\LinkedList.vcxproj", "{3A4D345D-1EC0-461C-B3AB-EFC1B392C2EB}"
EndProject
Project("{8BC9CEB8-8B4A-11D0-8D11-00A0C91BC942}") = "CLinkedList", "CLinkedList\CLinkedList.vcxproj", "{534BFD80-B169-4DC0-9E64-E3EBDD14AA8C}"
EndProject
Project("{8BC9CEB8-8B4A-11D0-8D11-00A0C91BC942}") = "BST", "BST\BST.vcxproj", "{6325FBBC-2B64-47F7-B74B-0D22A649E149}"
EndProject
Project("{8BC9CEB8-8B4A-11D0-8D11-00A0C91BC942}") = "Sort", "Sort\Sort.vcxproj", "{26F7A038-6D7F-4386-ABA6-E92DB9522C95}"
EndProject
Project("{8BC9CEB8-8B4A-11D0-8D11-00A0C91BC942}") = "Vector", "Vector\Vector.vcxproj", "{50D0BC33-E5FA-493B-9B4F-4D4545292966}"
EndProject
Project("{8BC9CEB8-8B4A-11D0-8D11-00A0C91BC942}") = "list", "list\list.vcxproj", "{5072AEF5-ACC9-4218-8AE4-F546AD16B528}"
EndProject
Project("{8BC9CEB8-8B4A-11D0-8D11-00A0C91BC942}") = "map", "map\map.vcxproj", "{C81CBDE5-D617-44EB-BFEF-9A674F2BBA69}"
EndProject
Global
	GlobalSection(SolutionConfigurationPlatforms) = preSolution
		Debug|x64 = Debug|x64
		Debug|x86 = Debug|x86
		Release|x64 = Release|x64
		Release|x86 = Release|x86
	EndGlobalSection
	GlobalSection(ProjectConfigurationPlatforms) = postSolution
		{85355203-D3FA-443A-BC75-9854732F350F}.Debug|x64.ActiveCfg = Debug|x64
		{85355203-D3FA-443A-BC75-9854732F350F}.Debug|x64.Build.0 = Debug|x64
		{85355203-D3FA-443A-BC75-9854732F350F}.Debug|x86.ActiveCfg = Debug|Win32
		{85355203-D3FA-443A-BC75-9854732F350F}.Debug|x86.Build.0 = Debug|Win32
		{85355203-D3FA-443A-BC75-9854732F350F}.Release|x64.ActiveCfg = Release|x64
		{85355203-D3FA-443A-BC75-9854732F350F}.Release|x64.Build.0 = Release|x64
		{85355203-D3FA-443A-BC75-9854732F350F}.Release|x86.ActiveCfg = Release|Win32
		{85355203-D3FA-443A-BC75-9854732F350F}.Release|x86.Build.0 = Release|Win32
		{DF8469B8-970D-450D-9153-2CE92574B238}.Debug|x64.ActiveCfg = Debug|x64
		{DF8469B8-970D-450D-9153-2CE92574B238}.Debug|x64.Build.0 = Debug|x64
		{DF8469B8-970D-450D-9153-2CE92574B238}.Debug|x86.ActiveCfg = Debug|Win32
		{DF8469B8-970D-450D-9153-2CE92574B238}.Debug|x86.Build.0 = Debug|Win32
		{DF8469B8-970D-450D-9153-2CE92574B238}.Release|x64.ActiveCfg = Release|x64
		{DF8469B8-970D-450D-9153-2CE92574B238}.Release|x64.Build.0 = Release|x64
		{DF8469B8-970D-450D-9153-2CE92574B238}.Release|x86.ActiveCfg = Release|Win32
		{DF8469B8-970D-450D-9153-2CE92574B238}.Release|x86.Build.0 = Release|Win32
		{89AEB0D6-6451-4CC0-ACA4-41D51BF9047D}.Debug|x64.ActiveCfg = Debug|x64
		{89AEB0D6-6451-4CC0-ACA4-41D51BF9047D}.Debug|x64.Build.0 = Debug|x64
		{89AEB0D6-6451-4CC0-ACA4-41D51BF9047D}.Debug|x86.ActiveCfg = Debug|Win32
		{89AEB0D6-6451-4CC0-ACA4-41D51BF9047D}.Debug|x86.Build.0 = Debug|Win32
		{89AEB0D6-6451-4CC0-ACA4-41D51BF9047D}.Release|x64.ActiveCfg = Release|x64
		{89AEB0D6-6451-4CC0-ACA4-41D51BF9047D}.Release|x64.Build.0 = Release|x64
		{89AEB0D6-6451-4CC0-ACA4-41D51BF9047D}.Release|x86.ActiveCfg = Release|Win32
		{89AEB0D6-6451-4CC0-ACA4-41D51BF9047D}.Release|x86.Build.0 = Release|Win32
		{3A4D345D-1EC0-461C-B3AB-EFC1B392C2EB}.Debug|x64.ActiveCfg = Debug|x64
		{3A4D345D-1EC0-461C-B3AB-EFC1B392C2EB}.Debug|x64.Build.0 = Debug|x64
		{3A4D345D-1EC0-461C-B3AB-EFC1B392C2EB}.Debug|x86.ActiveCfg = Debug|Win32
		{3A4D345D-1EC0-461C-B3AB-EFC1B392C2EB}.Debug|x86.Build.0 = Debug|Win32
		{3A4D345D-1EC0-461C-B3AB-EFC1B392C2EB}.Release|x64.ActiveCfg = Release|x64
		{3A4D345D-1EC0-461C-B3AB-EFC1B392C2EB}.Release|x64.Build.0 = Release|x64
		{3A4D345D-1EC0-461C-B3AB-EFC1B392C2EB}.Release|x86.ActiveCfg = Release|Win32
		{3A4D345D-1EC0-461C-B3AB-EFC1B392C2EB}.Release|x86.Build.0 = Release|Win32
		{534BFD80-B169-4DC0-9E64-E3EBDD14AA8C}.Debug|x64.ActiveCfg = Debug|x64
		{534BFD80-B169-4DC0-9E64-E3EBDD14AA8C}.Debug|x64.Build.0 = Debug|x64
		{534BFD80-B169-4DC0-9E64-E3EBDD14AA8C}.Debug|x86.ActiveCfg = Debug|Win32
		{534BFD80-B169-4DC0-9E64-E3EBDD14AA8C}.Debug|x86.Build.0 = Debug|Win32
		{534BFD80-B169-4DC0-9E64-E3EBDD14AA8C}.Release|x64.ActiveCfg = Release|x64
		{534BFD80-B169-4DC0-9E64-E3EBDD14AA8C}.Release|x64.Build.0 = Release|x64
		{534BFD80-B169-4DC0-9E64-E3EBDD14AA8C}.Release|x86.ActiveCfg = Release|Win32
		{534BFD80-B169-4DC0-9E64-E3EBDD14AA8C}.Release|x86.Build.0 = Release|Win32
		{6325FBBC-2B64-47F7-B74B-0D22A649E149}.Debug|x64.ActiveCfg = Debug|x64
		{6325FBBC-2B64-47F7-B74B-0D22A649E149}.Debug|x64.Build.0 = Debug|x64
		{6325FBBC-2B64-47F7-B74B-0D22A649E149}.Debug|x86.ActiveCfg = Debug|Win32
		{6325FBBC-2B64-47F7-B74B-0D22A649E149}.Debug|x86.Build.0 = Debug|Win32
		{6325FBBC-2B64-47F7-B74B-0D22A649E149}.Release|x64.ActiveCfg = Release|x64
		{6325FBBC-2B64-47F7-B74B-0D22A649E149}.Release|x64.Build.0 = Release|x64
		{6325FBBC-2B64-47F7-B74B-0D22A649E149}.Release|x86.ActiveCfg = Release|Win32
		{6325FBBC-2B64-47F7-B74B-0D22A649E149}.Release|x86.Build.0 = Release|Win32
		{26F7A038-6D7F-4386-ABA6-E92DB9522C95}.Debug|x64.ActiveCfg = Debug|x64
		{26F7A038-6D7F-4386-ABA6-E92DB9522C95}.Debug|x64.Build.0 = Debug|x64
		{26F7A038-6D7F-4386-ABA6-E92DB9522C95}.Debug|x86.ActiveCfg = Debug|Win32
		{26F7A038-6D7F-4386-ABA6-E92DB9522C95}.Debug|x86.Build.0 = Debug|Win32
		{26F7A038-6D7F-4386-ABA6-E92DB9522C95}.Release|x64.ActiveCfg = Release|x64
		{26F7A038-6D7F-4386-ABA6-E92DB9522C95}.Release|x64.Build.0 = Release|x64
		{26F7A038-6D7F-4386-ABA6-E92DB9522C95}.Release|x86.ActiveCfg = Release|Win32
		{26F7A038-6D7F-4386-ABA6-E92DB9522C95}.Release|x86.Build.0 = Release|Win32
		{50D0BC33-E5FA-493B-9B4F-4D4545292966}.Debug|x64.ActiveCfg = Debug|x64
		{50D0BC33-E5FA-493B-9B4F-4D4545292966}.Debug|x64.Build.0 = Debug|x64
		{50D0BC33-E5FA-493B-9B4F-4D4545292966}.Debug|x86.ActiveCfg = Debug|Win32
		{50D0BC33-E5FA-493B-9B4F-4D4545292966}.Debug|x86.Build.0 = Debug|Win32
		{50D0BC33-E5FA-493B-9B4F-4D4545292966}.Release|x64.ActiveCfg = Release|x64
		{50D0BC33-E5FA-493B-9B4F-4D4545292966}.Release|x64.Build.0 = Release|x64
		{50D0BC33-E5FA-493B-9B4F-4D4545292966}.Release|x86.ActiveCfg = Release|Win32
		{50D0BC33-E5FA-493B-9B4F-4D4545292966}.Release|x86.Build.0 = Release|Win32
		{5072AEF5-ACC9-4218-8AE4-F546AD16B528}.Debug|x64.ActiveCfg = Debug|x64
		{5072AEF5-ACC9-4218-8AE4-F546AD16B528}.Debug|x64.Build.0 = Debug|x64
		{5072AEF5-ACC9-4218-8AE4-F546AD16B528}.Debug|x86.ActiveCfg = Debug|Win32
		{5072AEF5-ACC9-4218-8AE4-F546AD16B528}.Debug|x86.Build.0 = Debug|Win32
		{5072AEF5-ACC9-4218-8AE4-F546AD16B528}.Release|x64.ActiveCfg = Release|x64
		{5072AEF5-ACC9-4218-8AE4-F546AD16B528}.Release|x64.Build.0 = Release|x64
		{5072AEF5-ACC9-4218-8AE4-F546AD16B528}.Release|x86.ActiveCfg = Release|Win32
		{5072AEF5-ACC9-4218-8AE4-F546AD16B528}.Release|x86.Build.0 = Release|Win32
		{C81CBDE5-D617-44EB-BFEF-9A674F2BBA69}.Debug|x64.ActiveCfg = Debug|x64
		{C81CBDE5-D617-44EB-BFEF-9A674F2BBA69}.Debug|x64.Build.0 = Debug|x64
		{C81CBDE5-D617-44EB-BFEF-9A674F2BBA69}.Debug|x86.ActiveCfg = Debug|Win32
		{C81CBDE5-D617-44EB-BFEF-9A674F2BBA69}.Debug|x86.Build.0 = Debug|Win32
		{C81CBDE5-D617-44EB-BFEF-9A674F2BBA69}.Release|x64.ActiveCfg = Release|x64
		{C81CBDE5-D617-44EB-BFEF-9A674F2BBA69}.Release|x64.Build.0 = Release|x64
		{C81CBDE5-D617-44EB-BFEF-9A674F2BBA69}.Release|x86.ActiveCfg = Release|Win32
		{C81CBDE5-D617-44EB-BFEF-9A674F2BBA69}.Release|x86.Build.0 = Release|Win32
	EndGlobalSection
	GlobalSection(SolutionProperties) = preSolution
		HideSolutionNode = FALSE
	EndGlobalSection
	GlobalSection(ExtensibilityGlobals) = postSolution
		SolutionGuid = {4FDA48A5-48BF-4247-9101-DD9D018354B8}
	EndGlobalSection
EndGlobal
